
Microsoft Visual Studio Solution File, Format Version 12.00
# Visual Studio Version 17
VisualStudioVersion = 17.8.34525.116
MinimumVisualStudioVersion = 10.0.40219.1
Project("{FAE04EC0-301F-11D3-BF4B-00C04F79EFBC}") = "HomeTasks_SP_Feb.2024", "HomeTasks_SP_Feb.2024\HomeTasks_SP_Feb.2024.csproj", "{AB1FA68E-BFAA-47A7-A3D8-3441BB00E08C}"
EndProject
Global
	GlobalSection(SolutionConfigurationPlatforms) = preSolution
		Debug|Any CPU = Debug|Any CPU
		Release|Any CPU = Release|Any CPU
	EndGlobalSection
	GlobalSection(ProjectConfigurationPlatforms) = postSolution
		{AB1FA68E-BFAA-47A7-A3D8-3441BB00E08C}.Debug|Any CPU.ActiveCfg = Debug|Any CPU
		{AB1FA68E-BFAA-47A7-A3D8-3441BB00E08C}.Debug|Any CPU.Build.0 = Debug|Any CPU
		{AB1FA68E-BFAA-47A7-A3D8-3441BB00E08C}.Release|Any CPU.ActiveCfg = Release|Any CPU
		{AB1FA68E-BFAA-47A7-A3D8-3441BB00E08C}.Release|Any CPU.Build.0 = Release|Any CPU
	EndGlobalSection
	GlobalSection(SolutionProperties) = preSolution
		HideSolutionNode = FALSE
	EndGlobalSection
	GlobalSection(ExtensibilityGlobals) = postSolution
		SolutionGuid = {162E78EB-7940-4F2C-A83E-DFE2E1912A7B}
	EndGlobalSection
EndGlobal
